
Microsoft Visual Studio Solution File, Format Version 12.00
# Visual Studio 14
VisualStudioVersion = 14.0.24720.0
MinimumVisualStudioVersion = 10.0.40219.1
Project("{FAE04EC0-301F-11D3-BF4B-00C04F79EFBC}") = "TriangleSquareLib", "TriangleSquareLib.csproj", "{7E14BA95-0CC3-45F4-8CB8-BBFE516CE3C6}"
EndProject
Project("{FAE04EC0-301F-11D3-BF4B-00C04F79EFBC}") = "TriangleSquareLib.Tests", "TriangleSquareLib.Tests\TriangleSquareLib.Tests.csproj", "{E74FD464-D2DB-4502-BA5D-B79CE008A4BB}"
EndProject
Global
	GlobalSection(SolutionConfigurationPlatforms) = preSolution
		Debug|Any CPU = Debug|Any CPU
		Release|Any CPU = Release|Any CPU
	EndGlobalSection
	GlobalSection(ProjectConfigurationPlatforms) = postSolution
		{7E14BA95-0CC3-45F4-8CB8-BBFE516CE3C6}.Debug|Any CPU.ActiveCfg = Debug|Any CPU
		{7E14BA95-0CC3-45F4-8CB8-BBFE516CE3C6}.Debug|Any CPU.Build.0 = Debug|Any CPU
		{7E14BA95-0CC3-45F4-8CB8-BBFE516CE3C6}.Release|Any CPU.ActiveCfg = Release|Any CPU
		{7E14BA95-0CC3-45F4-8CB8-BBFE516CE3C6}.Release|Any CPU.Build.0 = Release|Any CPU
		{E74FD464-D2DB-4502-BA5D-B79CE008A4BB}.Debug|Any CPU.ActiveCfg = Debug|Any CPU
		{E74FD464-D2DB-4502-BA5D-B79CE008A4BB}.Debug|Any CPU.Build.0 = Debug|Any CPU
		{E74FD464-D2DB-4502-BA5D-B79CE008A4BB}.Release|Any CPU.ActiveCfg = Release|Any CPU
		{E74FD464-D2DB-4502-BA5D-B79CE008A4BB}.Release|Any CPU.Build.0 = Release|Any CPU
	EndGlobalSection
	GlobalSection(SolutionProperties) = preSolution
		HideSolutionNode = FALSE
	EndGlobalSection
EndGlobal
